
Microsoft Visual Studio Solution File, Format Version 12.00
# Visual Studio Version 17
VisualStudioVersion = 17.14.35906.104 d17.14
MinimumVisualStudioVersion = 10.0.40219.1
Project("{FAE04EC0-301F-11D3-BF4B-00C04F79EFBC}") = "TestProject1", "TestProject1\TestProject1.csproj", "{20B2B8A9-F57E-48E8-985A-DE468B3161D2}"
EndProject
Project("{FAE04EC0-301F-11D3-BF4B-00C04F79EFBC}") = "Puzzle70", "Puzzle70\Puzzle70.csproj", "{810511DC-1726-4D63-8498-D0C414BCF3DE}"
EndProject
Global
	GlobalSection(SolutionConfigurationPlatforms) = preSolution
		Debug|Any CPU = Debug|Any CPU
		Release|Any CPU = Release|Any CPU
	EndGlobalSection
	GlobalSection(ProjectConfigurationPlatforms) = postSolution
		{20B2B8A9-F57E-48E8-985A-DE468B3161D2}.Debug|Any CPU.ActiveCfg = Debug|Any CPU
		{20B2B8A9-F57E-48E8-985A-DE468B3161D2}.Debug|Any CPU.Build.0 = Debug|Any CPU
		{20B2B8A9-F57E-48E8-985A-DE468B3161D2}.Release|Any CPU.ActiveCfg = Release|Any CPU
		{20B2B8A9-F57E-48E8-985A-DE468B3161D2}.Release|Any CPU.Build.0 = Release|Any CPU
		{810511DC-1726-4D63-8498-D0C414BCF3DE}.Debug|Any CPU.ActiveCfg = Debug|Any CPU
		{810511DC-1726-4D63-8498-D0C414BCF3DE}.Debug|Any CPU.Build.0 = Debug|Any CPU
		{810511DC-1726-4D63-8498-D0C414BCF3DE}.Release|Any CPU.ActiveCfg = Release|Any CPU
		{810511DC-1726-4D63-8498-D0C414BCF3DE}.Release|Any CPU.Build.0 = Release|Any CPU
	EndGlobalSection
	GlobalSection(SolutionProperties) = preSolution
		HideSolutionNode = FALSE
	EndGlobalSection
	GlobalSection(ExtensibilityGlobals) = postSolution
		SolutionGuid = {E91C3B11-5224-4EB2-A145-55DC936D64B2}
	EndGlobalSection
EndGlobal
